
Microsoft Visual Studio Solution File, Format Version 11.00
# Visual Studio 2010
Project("{FAE04EC0-301F-11D3-BF4B-00C04F79EFBC}") = "QuickSoundSwitch", "QuickSoundSwitch\QuickSoundSwitch.csproj", "{BC07A88D-174C-4093-9219-0726FD8191E4}"
EndProject
Global
	GlobalSection(SolutionConfigurationPlatforms) = preSolution
		Debug|x86 = Debug|x86
		NetworkDebug|x86 = NetworkDebug|x86
		Release|x86 = Release|x86
	EndGlobalSection
	GlobalSection(ProjectConfigurationPlatforms) = postSolution
		{BC07A88D-174C-4093-9219-0726FD8191E4}.Debug|x86.ActiveCfg = Debug|x86
		{BC07A88D-174C-4093-9219-0726FD8191E4}.Debug|x86.Build.0 = Debug|x86
		{BC07A88D-174C-4093-9219-0726FD8191E4}.NetworkDebug|x86.ActiveCfg = NetworkDebug|x86
		{BC07A88D-174C-4093-9219-0726FD8191E4}.NetworkDebug|x86.Build.0 = NetworkDebug|x86
		{BC07A88D-174C-4093-9219-0726FD8191E4}.Release|x86.ActiveCfg = Release|x86
		{BC07A88D-174C-4093-9219-0726FD8191E4}.Release|x86.Build.0 = Release|x86
	EndGlobalSection
	GlobalSection(SolutionProperties) = preSolution
		HideSolutionNode = FALSE
	EndGlobalSection
EndGlobal
